{
  "name": "@frtnbach/node-red-contrib-matterjs-bridge",
  "version": "0.8.4",
  "lockfileVersion": 3,
  "requires": true,
  "packages": {
    "": {
      "name": "@frtnbach/node-red-contrib-matterjs-bridge",
      "version": "0.8.4",
      "license": "ISC",
      "dependencies": {
        "@atproto/api": "^0.20.34",
        "@matter-server/ws-client": "^1.0.0"
      },
      "engines": {
        "node": ">=22.13.0"
      }
    },
    "node_modules/@atproto/api": {
      "version": "0.20.34",
      "resolved": "https://registry.npmjs.org/@atproto/api/-/api-0.20.34.tgz",
      "integrity": "sha512-nKfCLkH2Al58YupLGtoVIucZ5XjtN9sU5oOTI70lp8J4nxl52C/Tk7AktcWe+Nx7st3I0fUgf+C5cHePgvwT0w==",
      "dependencies": {
        "@atproto/common-web": "^0.5.6",
        "@atproto/lexicon": "^0.7.7",
        "@atproto/syntax": "^0.7.2",
        "@atproto/xrpc": "^0.8.6",
        "await-lock": "^3.0.0",
        "multiformats": "^13.0.0",
        "tlds": "^1.234.0",
        "zod": "^3.23.8"
      },
      "engines": {
        "node": ">=22"
      }
    },
    "node_modules/@atproto/common-web": {
      "version": "0.5.6",
      "resolved": "https://registry.npmjs.org/@atproto/common-web/-/common-web-0.5.6.tgz",
      "integrity": "sha512-5Y4MIK9dpkJPiKiE6u7iEHitxj+g3aAU2GfGL686JlKE2zDKD4y18BJb+uVek6nXQKb5XOdNVvw+7BHarpn8Fw==",
      "dependencies": {
        "@atproto/lex-data": "^0.1.5",
        "@atproto/lex-json": "^0.1.4",
        "@atproto/syntax": "^0.7.2",
        "zod": "^3.23.8"
      },
      "engines": {
        "node": ">=22"
      }
    },
    "node_modules/@atproto/lex-data": {
      "version": "0.1.5",
      "resolved": "https://registry.npmjs.org/@atproto/lex-data/-/lex-data-0.1.5.tgz",
      "integrity": "sha512-TEM6GHuYpNm4O90LjNgbYq1Gmcr875S+BHrDxkg4PB5w/nlsz4HlbkGQG/WP/xbIV5O8TF5nNHDpCZ5ezTRrFA==",
      "dependencies": {
        "multiformats": "^13.0.0",
        "tslib": "^2.8.1",
        "unicode-segmenter": "^0.14.0"
      },
      "engines": {
        "node": ">=22"
      }
    },
    "node_modules/@atproto/lex-json": {
      "version": "0.1.4",
      "resolved": "https://registry.npmjs.org/@atproto/lex-json/-/lex-json-0.1.4.tgz",
      "integrity": "sha512-ENR2cWkVrES+UL6TovbCRdX9BJOyHHJUS8jYx3Lxp3j4vEphjn/u+DW7bWloST2O8ID2OuVlt6+28ftNEEjmQQ==",
      "dependencies": {
        "@atproto/lex-data": "^0.1.5",
        "tslib": "^2.8.1"
      },
      "engines": {
        "node": ">=22"
      }
    },
    "node_modules/@atproto/lexicon": {
      "version": "0.7.7",
      "resolved": "https://registry.npmjs.org/@atproto/lexicon/-/lexicon-0.7.7.tgz",
      "integrity": "sha512-92VH2oEsJdrIVNy7WY8rGn99ANNVglyUffoN7GJc0mxKi+fXN5iVlJ2cOyTfYABhr2ldSiptZWXEPEdBaIR9/A==",
      "dependencies": {
        "@atproto/common-web": "^0.5.6",
        "@atproto/syntax": "^0.7.2",
        "multiformats": "^13.0.0",
        "zod": "^3.23.8"
      },
      "engines": {
        "node": ">=22"
      }
    },
    "node_modules/@atproto/syntax": {
      "version": "0.7.2",
      "resolved": "https://registry.npmjs.org/@atproto/syntax/-/syntax-0.7.2.tgz",
      "integrity": "sha512-tZ1Tr0R9pK4bI4Zs69t29cjMlCFQvRNBeNkqJC5pGeNuCt64D0eoF7s/AlqeVmYppClmQ0xJquggGgsMDP6j7w==",
      "dependencies": {
        "iso-datestring-validator": "^2.2.2",
        "tslib": "^2.8.1"
      },
      "engines": {
        "node": ">=22"
      }
    },
    "node_modules/@atproto/xrpc": {
      "version": "0.8.6",
      "resolved": "https://registry.npmjs.org/@atproto/xrpc/-/xrpc-0.8.6.tgz",
      "integrity": "sha512-yVfKrlwZBBm44Ft9jDvHcTCwQ1ElqSlzXHWhT/KcqE+u24EAhWVFosfABfGbUByB/PmN8eLJ06FsWo5pUQcMNQ==",
      "dependencies": {
        "@atproto/lexicon": "^0.7.7",
        "zod": "^3.23.8"
      },
      "engines": {
        "node": ">=22"
      }
    },
    "node_modules/@matter-server/ws-client": {
      "version": "1.0.0",
      "resolved": "https://registry.npmjs.org/@matter-server/ws-client/-/ws-client-1.0.0.tgz",
      "integrity": "sha512-crJtAmZ/cXzvf2V0N5ckjOPUFBxygntVFtDJ5O2yi7Y1hzuGzUmKnI3sKv7j40OCyzVTGmE22tPw/UFSBFSCRg==",
      "license": "Apache-2.0",
      "engines": {
        "node": ">=22.13.0"
      }
    },
    "node_modules/await-lock": {
      "version": "3.0.0",
      "resolved": "https://registry.npmjs.org/await-lock/-/await-lock-3.0.0.tgz",
      "integrity": "sha512-eO6fLiSnrJrMdjWMNK8zbVRXPs2TKJg78iKZd9wDpN3na5tcoV6EoeiOlMgk2QaAQ1gIrK1YuMsJHXWqz89tSA=="
    },
    "node_modules/iso-datestring-validator": {
      "version": "2.2.2",
      "resolved": "https://registry.npmjs.org/iso-datestring-validator/-/iso-datestring-validator-2.2.2.tgz",
      "integrity": "sha512-yLEMkBbLZTlVQqOnQ4FiMujR6T4DEcCb1xizmvXS+OxuhwcbtynoosRzdMA69zZCShCNAbi+gJ71FxZBBXx1SA=="
    },
    "node_modules/multiformats": {
      "version": "13.4.2",
      "resolved": "https://registry.npmjs.org/multiformats/-/multiformats-13.4.2.tgz",
      "integrity": "sha512-eh6eHCrRi1+POZ3dA+Dq1C6jhP1GNtr9CRINMb67OKzqW9I5DUuZM/3jLPlzhgpGeiNUlEGEbkCYChXMCc/8DQ=="
    },
    "node_modules/tlds": {
      "version": "1.261.0",
      "resolved": "https://registry.npmjs.org/tlds/-/tlds-1.261.0.tgz",
      "integrity": "sha512-QXqwfEl9ddlGBaRFXIvNKK6OhipSiLXuRuLJX5DErz0o0Q0rYxulWLdFryTkV5PkdZct5iMInwYEGe/eR++1AA==",
      "bin": {
        "tlds": "bin.js"
      }
    },
    "node_modules/tslib": {
      "version": "2.8.1",
      "resolved": "https://registry.npmjs.org/tslib/-/tslib-2.8.1.tgz",
      "integrity": "sha512-oJFu94HQb+KVduSUQL7wnpmqnfmLsOA/nAh6b6EH0wCEoK0/mPeXU6c3wKDV83MkOuHPRHtSXKKU99IBazS/2w=="
    },
    "node_modules/unicode-segmenter": {
      "version": "0.14.5",
      "resolved": "https://registry.npmjs.org/unicode-segmenter/-/unicode-segmenter-0.14.5.tgz",
      "integrity": "sha512-jHGmj2LUuqDcX3hqY12Ql+uhUTn8huuxNZGq7GvtF6bSybzH3aFgedYu/KTzQStEgt1Ra2F3HxadNXsNjb3m3g=="
    },
    "node_modules/zod": {
      "version": "3.25.76",
      "resolved": "https://registry.npmjs.org/zod/-/zod-3.25.76.tgz",
      "integrity": "sha512-gzUt/qt81nXsFGKIFcC3YnfEAx5NkunCfnDlvuBSSFS02bcXu4Lmea0AFIUwbLWxWPx3d9p8S5QoaujKcNQxcQ==",
      "funding": {
        "url": "https://github.com/sponsors/colinhacks"
      }
    }
  }
}
